// !$*UTF8*$!
{
	archiveVersion = 1;
	classes = {
	};
	objectVersion = 46;
	objects = {

/* Begin PBXBuildFile section */
		28FE95CA156A06C8007B7E62 /* DistanceTypePicker.m in Sources */ = {isa = PBXBuildFile; fileRef = 28FE95C9156A06C8007B7E62 /* DistanceTypePicker.m */; };
		28FE95CE156A0CB5007B7E62 /* EventTypePicker.m in Sources */ = {isa = PBXBuildFile; fileRef = 28FE95CD156A0CB5007B7E62 /* EventTypePicker.m */; };
		28FE95D1156A0DC2007B7E62 /* PoolTypePicker.m in Sources */ = {isa = PBXBuildFile; fileRef = 28FE95D0156A0DC2007B7E62 /* PoolTypePicker.m */; };
		5F437B2F1569E16600AFD69E /* SwimTracker.xcdatamodeld in Sources */ = {isa = PBXBuildFile; fileRef = 5F437B2D1569E16600AFD69E /* SwimTracker.xcdatamodeld */; };
		BE0B750314191AEE00118DD7 /* ImageStore.m in Sources */ = {isa = PBXBuildFile; fileRef = BE0B750214191AEE00118DD7 /* ImageStore.m */; };
		BE0E4E9D14323F6D00F05B13 /* ItemCell.m in Sources */ = {isa = PBXBuildFile; fileRef = BE0E4E9C14323F6D00F05B13 /* ItemCell.m */; };
		BE0E4EA014323FB200F05B13 /* ItemCell.xib in Resources */ = {isa = PBXBuildFile; fileRef = BE0E4E9F14323FB200F05B13 /* ItemCell.xib */; };
		BE0E4EA9143246BC00F05B13 /* ImageViewController.m in Sources */ = {isa = PBXBuildFile; fileRef = BE0E4EA7143246BC00F05B13 /* ImageViewController.m */; };
		BE0E4EAA143246BC00F05B13 /* ImageViewController.xib in Resources */ = {isa = PBXBuildFile; fileRef = BE0E4EA8143246BC00F05B13 /* ImageViewController.xib */; };
		BE0E4EB0143262F300F05B13 /* CoreGraphics.framework in Frameworks */ = {isa = PBXBuildFile; fileRef = BE0E4EAF143262F300F05B13 /* CoreGraphics.framework */; };
		BE0E4EB3143262F700F05B13 /* CoreData.framework in Frameworks */ = {isa = PBXBuildFile; fileRef = BE0E4EB2143262F700F05B13 /* CoreData.framework */; };
		BE0E4EB91432646C00F05B13 /* Item.m in Sources */ = {isa = PBXBuildFile; fileRef = BE0E4EB81432646C00F05B13 /* Item.m */; };
		BE0E4EC414326B8700F05B13 /* AssetTypePicker.m in Sources */ = {isa = PBXBuildFile; fileRef = BE0E4EC314326B8700F05B13 /* AssetTypePicker.m */; };
		BE4E18E8140D9EB80007F01B /* UIKit.framework in Frameworks */ = {isa = PBXBuildFile; fileRef = BE4E18E7140D9EB80007F01B /* UIKit.framework */; };
		BE4E18EA140D9EB80007F01B /* Foundation.framework in Frameworks */ = {isa = PBXBuildFile; fileRef = BE4E18E9140D9EB80007F01B /* Foundation.framework */; };
		BE4E18F0140D9EB80007F01B /* InfoPlist.strings in Resources */ = {isa = PBXBuildFile; fileRef = BE4E18EE140D9EB80007F01B /* InfoPlist.strings */; };
		BE4E18F2140D9EB80007F01B /* main.m in Sources */ = {isa = PBXBuildFile; fileRef = BE4E18F1140D9EB80007F01B /* main.m */; };
		BE4E18F6140D9EB80007F01B /* AppDelegate.m in Sources */ = {isa = PBXBuildFile; fileRef = BE4E18F5140D9EB80007F01B /* AppDelegate.m */; };
		BE4E18FE140D9EE70007F01B /* ItemsViewController.m in Sources */ = {isa = PBXBuildFile; fileRef = BE4E18FD140D9EE70007F01B /* ItemsViewController.m */; };
		BE4E1904140DA6EC0007F01B /* ItemStore.m in Sources */ = {isa = PBXBuildFile; fileRef = BE4E1903140DA6EC0007F01B /* ItemStore.m */; };
		BE58F4A5141011C300C6D116 /* DetailViewController.m in Sources */ = {isa = PBXBuildFile; fileRef = BE58F4A3141011C300C6D116 /* DetailViewController.m */; };
		BE9E40051432B9B400EE58E5 /* DetailViewController.xib in Resources */ = {isa = PBXBuildFile; fileRef = BE9E40071432B9B400EE58E5 /* DetailViewController.xib */; };
		BE9E400C1432C55E00EE58E5 /* Localizable.strings in Resources */ = {isa = PBXBuildFile; fileRef = BE9E400E1432C55E00EE58E5 /* Localizable.strings */; };
/* End PBXBuildFile section */

/* Begin PBXFileReference section */
		28FE95C8156A06C8007B7E62 /* DistanceTypePicker.h */ = {isa = PBXFileReference; fileEncoding = 4; lastKnownFileType = sourcecode.c.h; name = DistanceTypePicker.h; path = SwimTracker/DistanceTypePicker.h; sourceTree = "<group>"; };
		28FE95C9156A06C8007B7E62 /* DistanceTypePicker.m */ = {isa = PBXFileReference; fileEncoding = 4; lastKnownFileType = sourcecode.c.objc; name = DistanceTypePicker.m; path = SwimTracker/DistanceTypePicker.m; sourceTree = "<group>"; };
		28FE95CC156A0CB5007B7E62 /* EventTypePicker.h */ = {isa = PBXFileReference; fileEncoding = 4; lastKnownFileType = sourcecode.c.h; name = EventTypePicker.h; path = SwimTracker/EventTypePicker.h; sourceTree = "<group>"; };
		28FE95CD156A0CB5007B7E62 /* EventTypePicker.m */ = {isa = PBXFileReference; fileEncoding = 4; lastKnownFileType = sourcecode.c.objc; name = EventTypePicker.m; path = SwimTracker/EventTypePicker.m; sourceTree = "<group>"; };
		28FE95CF156A0DC2007B7E62 /* PoolTypePicker.h */ = {isa = PBXFileReference; fileEncoding = 4; lastKnownFileType = sourcecode.c.h; name = PoolTypePicker.h; path = SwimTracker/PoolTypePicker.h; sourceTree = "<group>"; };
		28FE95D0156A0DC2007B7E62 /* PoolTypePicker.m */ = {isa = PBXFileReference; fileEncoding = 4; lastKnownFileType = sourcecode.c.objc; name = PoolTypePicker.m; path = SwimTracker/PoolTypePicker.m; sourceTree = "<group>"; };
		5F437B2E1569E16600AFD69E /* SwimTracker.xcdatamodel */ = {isa = PBXFileReference; lastKnownFileType = wrapper.xcdatamodel; path = SwimTracker.xcdatamodel; sourceTree = "<group>"; };
		BE0B750114191AEE00118DD7 /* ImageStore.h */ = {isa = PBXFileReference; fileEncoding = 4; lastKnownFileType = sourcecode.c.h; name = ImageStore.h; path = SwimTracker/ImageStore.h; sourceTree = "<group>"; };
		BE0B750214191AEE00118DD7 /* ImageStore.m */ = {isa = PBXFileReference; fileEncoding = 4; lastKnownFileType = sourcecode.c.objc; name = ImageStore.m; path = SwimTracker/ImageStore.m; sourceTree = "<group>"; };
		BE0E4E9B14323F6D00F05B13 /* ItemCell.h */ = {isa = PBXFileReference; fileEncoding = 4; lastKnownFileType = sourcecode.c.h; name = ItemCell.h; path = SwimTracker/ItemCell.h; sourceTree = "<group>"; };
		BE0E4E9C14323F6D00F05B13 /* ItemCell.m */ = {isa = PBXFileReference; fileEncoding = 4; lastKnownFileType = sourcecode.c.objc; name = ItemCell.m; path = SwimTracker/ItemCell.m; sourceTree = "<group>"; };
		BE0E4E9F14323FB200F05B13 /* ItemCell.xib */ = {isa = PBXFileReference; fileEncoding = 4; lastKnownFileType = file.xib; name = ItemCell.xib; path = SwimTracker/ItemCell.xib; sourceTree = "<group>"; };
		BE0E4EA6143246BC00F05B13 /* ImageViewController.h */ = {isa = PBXFileReference; fileEncoding = 4; lastKnownFileType = sourcecode.c.h; name = ImageViewController.h; path = SwimTracker/ImageViewController.h; sourceTree = "<group>"; };
		BE0E4EA7143246BC00F05B13 /* ImageViewController.m */ = {isa = PBXFileReference; fileEncoding = 4; lastKnownFileType = sourcecode.c.objc; name = ImageViewController.m; path = SwimTracker/ImageViewController.m; sourceTree = "<group>"; };
		BE0E4EA8143246BC00F05B13 /* ImageViewController.xib */ = {isa = PBXFileReference; fileEncoding = 4; lastKnownFileType = file.xib; name = ImageViewController.xib; path = SwimTracker/ImageViewController.xib; sourceTree = "<group>"; };
		BE0E4EAF143262F300F05B13 /* CoreGraphics.framework */ = {isa = PBXFileReference; lastKnownFileType = wrapper.framework; name = CoreGraphics.framework; path = System/Library/Frameworks/CoreGraphics.framework; sourceTree = SDKROOT; };
		BE0E4EB2143262F700F05B13 /* CoreData.framework */ = {isa = PBXFileReference; lastKnownFileType = wrapper.framework; name = CoreData.framework; path = System/Library/Frameworks/CoreData.framework; sourceTree = SDKROOT; };
		BE0E4EB71432646C00F05B13 /* Item.h */ = {isa = PBXFileReference; fileEncoding = 4; lastKnownFileType = sourcecode.c.h; name = Item.h; path = SwimTracker/Item.h; sourceTree = "<group>"; };
		BE0E4EB81432646C00F05B13 /* Item.m */ = {isa = PBXFileReference; fileEncoding = 4; lastKnownFileType = sourcecode.c.objc; name = Item.m; path = SwimTracker/Item.m; sourceTree = "<group>"; };
		BE0E4EC214326B8700F05B13 /* AssetTypePicker.h */ = {isa = PBXFileReference; fileEncoding = 4; lastKnownFileType = sourcecode.c.h; name = AssetTypePicker.h; path = SwimTracker/AssetTypePicker.h; sourceTree = "<group>"; };
		BE0E4EC314326B8700F05B13 /* AssetTypePicker.m */ = {isa = PBXFileReference; fileEncoding = 4; lastKnownFileType = sourcecode.c.objc; name = AssetTypePicker.m; path = SwimTracker/AssetTypePicker.m; sourceTree = "<group>"; };
		BE4E18E3140D9EB80007F01B /* SwimTracker.app */ = {isa = PBXFileReference; explicitFileType = wrapper.application; includeInIndex = 0; path = SwimTracker.app; sourceTree = BUILT_PRODUCTS_DIR; };
		BE4E18E7140D9EB80007F01B /* UIKit.framework */ = {isa = PBXFileReference; lastKnownFileType = wrapper.framework; name = UIKit.framework; path = System/Library/Frameworks/UIKit.framework; sourceTree = SDKROOT; };
		BE4E18E9140D9EB80007F01B /* Foundation.framework */ = {isa = PBXFileReference; lastKnownFileType = wrapper.framework; name = Foundation.framework; path = System/Library/Frameworks/Foundation.framework; sourceTree = SDKROOT; };
		BE4E18ED140D9EB80007F01B /* SwimTracker-Info.plist */ = {isa = PBXFileReference; lastKnownFileType = text.plist.xml; path = "SwimTracker-Info.plist"; sourceTree = "<group>"; };
		BE4E18EF140D9EB80007F01B /* en */ = {isa = PBXFileReference; lastKnownFileType = text.plist.strings; name = en; path = en.lproj/InfoPlist.strings; sourceTree = "<group>"; };
		BE4E18F1140D9EB80007F01B /* main.m */ = {isa = PBXFileReference; lastKnownFileType = sourcecode.c.objc; path = main.m; sourceTree = "<group>"; };
		BE4E18F3140D9EB80007F01B /* SwimTracker-Prefix.pch */ = {isa = PBXFileReference; lastKnownFileType = sourcecode.c.h; path = "SwimTracker-Prefix.pch"; sourceTree = "<group>"; };
		BE4E18F4140D9EB80007F01B /* AppDelegate.h */ = {isa = PBXFileReference; lastKnownFileType = sourcecode.c.h; path = AppDelegate.h; sourceTree = "<group>"; };
		BE4E18F5140D9EB80007F01B /* AppDelegate.m */ = {isa = PBXFileReference; lastKnownFileType = sourcecode.c.objc; path = AppDelegate.m; sourceTree = "<group>"; };
		BE4E18FC140D9EE70007F01B /* ItemsViewController.h */ = {isa = PBXFileReference; fileEncoding = 4; lastKnownFileType = sourcecode.c.h; name = ItemsViewController.h; path = SwimTracker/ItemsViewController.h; sourceTree = "<group>"; };
		BE4E18FD140D9EE70007F01B /* ItemsViewController.m */ = {isa = PBXFileReference; fileEncoding = 4; lastKnownFileType = sourcecode.c.objc; name = ItemsViewController.m; path = SwimTracker/ItemsViewController.m; sourceTree = "<group>"; };
		BE4E1902140DA6EC0007F01B /* ItemStore.h */ = {isa = PBXFileReference; fileEncoding = 4; lastKnownFileType = sourcecode.c.h; name = ItemStore.h; path = SwimTracker/ItemStore.h; sourceTree = "<group>"; };
		BE4E1903140DA6EC0007F01B /* ItemStore.m */ = {isa = PBXFileReference; fileEncoding = 4; lastKnownFileType = sourcecode.c.objc; name = ItemStore.m; path = SwimTracker/ItemStore.m; sourceTree = "<group>"; };
		BE58F4A2141011C300C6D116 /* DetailViewController.h */ = {isa = PBXFileReference; fileEncoding = 4; lastKnownFileType = sourcecode.c.h; name = DetailViewController.h; path = SwimTracker/DetailViewController.h; sourceTree = "<group>"; };
		BE58F4A3141011C300C6D116 /* DetailViewController.m */ = {isa = PBXFileReference; fileEncoding = 4; lastKnownFileType = sourcecode.c.objc; name = DetailViewController.m; path = SwimTracker/DetailViewController.m; sourceTree = "<group>"; };
		BE9E40061432B9B400EE58E5 /* en */ = {isa = PBXFileReference; lastKnownFileType = file.xib; name = en; path = en.lproj/DetailViewController.xib; sourceTree = "<group>"; };
		BE9E40091432B9BF00EE58E5 /* es */ = {isa = PBXFileReference; lastKnownFileType = file.xib; name = es; path = es.lproj/DetailViewController.xib; sourceTree = "<group>"; };
		BE9E400D1432C55E00EE58E5 /* en */ = {isa = PBXFileReference; lastKnownFileType = text.plist.strings; name = en; path = en.lproj/Localizable.strings; sourceTree = "<group>"; };
		BE9E400F1432C56200EE58E5 /* es */ = {isa = PBXFileReference; lastKnownFileType = text.plist.strings; name = es; path = es.lproj/Localizable.strings; sourceTree = "<group>"; };
/* End PBXFileReference section */

/* Begin PBXFrameworksBuildPhase section */
		BE4E18E0140D9EB80007F01B /* Frameworks */ = {
			isa = PBXFrameworksBuildPhase;
			buildActionMask = 2147483647;
			files = (
				BE0E4EB3143262F700F05B13 /* CoreData.framework in Frameworks */,
				BE0E4EB0143262F300F05B13 /* CoreGraphics.framework in Frameworks */,
				BE4E18E8140D9EB80007F01B /* UIKit.framework in Frameworks */,
				BE4E18EA140D9EB80007F01B /* Foundation.framework in Frameworks */,
			);
			runOnlyForDeploymentPostprocessing = 0;
		};
/* End PBXFrameworksBuildPhase section */

/* Begin PBXGroup section */
		BE4E18D8140D9EB80007F01B = {
			isa = PBXGroup;
			children = (
				5F437B2D1569E16600AFD69E /* SwimTracker.xcdatamodeld */,
				BE0E4EB2143262F700F05B13 /* CoreData.framework */,
				BE0E4EAF143262F300F05B13 /* CoreGraphics.framework */,
				BE0E4EA6143246BC00F05B13 /* ImageViewController.h */,
				BE0E4EA7143246BC00F05B13 /* ImageViewController.m */,
				BE0E4EA8143246BC00F05B13 /* ImageViewController.xib */,
				BE0E4E9B14323F6D00F05B13 /* ItemCell.h */,
				BE0E4E9F14323FB200F05B13 /* ItemCell.xib */,
				BE0E4E9C14323F6D00F05B13 /* ItemCell.m */,
				BE0B750114191AEE00118DD7 /* ImageStore.h */,
				BE0B750214191AEE00118DD7 /* ImageStore.m */,
				BE58F4A2141011C300C6D116 /* DetailViewController.h */,
				BE58F4A3141011C300C6D116 /* DetailViewController.m */,
				BE9E40071432B9B400EE58E5 /* DetailViewController.xib */,
				BE4E18FC140D9EE70007F01B /* ItemsViewController.h */,
				BE4E18FD140D9EE70007F01B /* ItemsViewController.m */,
				BE0E4EB71432646C00F05B13 /* Item.h */,
				BE0E4EB81432646C00F05B13 /* Item.m */,
				BE4E1902140DA6EC0007F01B /* ItemStore.h */,
				BE4E1903140DA6EC0007F01B /* ItemStore.m */,
				28FE95CF156A0DC2007B7E62 /* PoolTypePicker.h */,
				28FE95D0156A0DC2007B7E62 /* PoolTypePicker.m */,
				28FE95CC156A0CB5007B7E62 /* EventTypePicker.h */,
				28FE95CD156A0CB5007B7E62 /* EventTypePicker.m */,
				28FE95C8156A06C8007B7E62 /* DistanceTypePicker.h */,
				28FE95C9156A06C8007B7E62 /* DistanceTypePicker.m */,
				BE0E4EC214326B8700F05B13 /* AssetTypePicker.h */,
				BE0E4EC314326B8700F05B13 /* AssetTypePicker.m */,
				BE4E18EB140D9EB80007F01B /* SwimTracker */,
				BE4E18E6140D9EB80007F01B /* Frameworks */,
				BE4E18E4140D9EB80007F01B /* Products */,
			);
			sourceTree = "<group>";
		};
		BE4E18E4140D9EB80007F01B /* Products */ = {
			isa = PBXGroup;
			children = (
				BE4E18E3140D9EB80007F01B /* SwimTracker.app */,
			);
			name = Products;
			sourceTree = "<group>";
		};
		BE4E18E6140D9EB80007F01B /* Frameworks */ = {
			isa = PBXGroup;
			children = (
				BE4E18E7140D9EB80007F01B /* UIKit.framework */,
				BE4E18E9140D9EB80007F01B /* Foundation.framework */,
			);
			name = Frameworks;
			sourceTree = "<group>";
		};
		BE4E18EB140D9EB80007F01B /* SwimTracker */ = {
			isa = PBXGroup;
			children = (
				BE4E18F4140D9EB80007F01B /* AppDelegate.h */,
				BE4E18F5140D9EB80007F01B /* AppDelegate.m */,
				BE4E18EC140D9EB80007F01B /* Supporting Files */,
			);
			path = SwimTracker;
			sourceTree = "<group>";
		};
		BE4E18EC140D9EB80007F01B /* Supporting Files */ = {
			isa = PBXGroup;
			children = (
				BE9E400E1432C55E00EE58E5 /* Localizable.strings */,
				BE4E18ED140D9EB80007F01B /* SwimTracker-Info.plist */,
				BE4E18EE140D9EB80007F01B /* InfoPlist.strings */,
				BE4E18F1140D9EB80007F01B /* main.m */,
				BE4E18F3140D9EB80007F01B /* SwimTracker-Prefix.pch */,
			);
			name = "Supporting Files";
			sourceTree = "<group>";
		};
/* End PBXGroup section */

/* Begin PBXNativeTarget section */
		BE4E18E2140D9EB80007F01B /* SwimTracker */ = {
			isa = PBXNativeTarget;
			buildConfigurationList = BE4E18F9140D9EB80007F01B /* Build configuration list for PBXNativeTarget "SwimTracker" */;
			buildPhases = (
				BE4E18DF140D9EB80007F01B /* Sources */,
				BE4E18E0140D9EB80007F01B /* Frameworks */,
				BE4E18E1140D9EB80007F01B /* Resources */,
			);
			buildRules = (
			);
			dependencies = (
			);
			name = SwimTracker;
			productName = SwimTracker;
			productReference = BE4E18E3140D9EB80007F01B /* SwimTracker.app */;
			productType = "com.apple.product-type.application";
		};
/* End PBXNativeTarget section */

/* Begin PBXProject section */
		BE4E18DA140D9EB80007F01B /* Project object */ = {
			isa = PBXProject;
			attributes = {
				LastUpgradeCheck = 0420;
			};
			buildConfigurationList = BE4E18DD140D9EB80007F01B /* Build configuration list for PBXProject "SwimTracker" */;
			compatibilityVersion = "Xcode 3.2";
			developmentRegion = English;
			hasScannedForEncodings = 0;
			knownRegions = (
				en,
				es,
			);
			mainGroup = BE4E18D8140D9EB80007F01B;
			productRefGroup = BE4E18E4140D9EB80007F01B /* Products */;
			projectDirPath = "";
			projectRoot = "";
			targets = (
				BE4E18E2140D9EB80007F01B /* SwimTracker */,
			);
		};
/* End PBXProject section */

/* Begin PBXResourcesBuildPhase section */
		BE4E18E1140D9EB80007F01B /* Resources */ = {
			isa = PBXResourcesBuildPhase;
			buildActionMask = 2147483647;
			files = (
				BE4E18F0140D9EB80007F01B /* InfoPlist.strings in Resources */,
				BE9E40051432B9B400EE58E5 /* DetailViewController.xib in Resources */,
				BE0E4EA014323FB200F05B13 /* ItemCell.xib in Resources */,
				BE0E4EAA143246BC00F05B13 /* ImageViewController.xib in Resources */,
				BE9E400C1432C55E00EE58E5 /* Localizable.strings in Resources */,
			);
			runOnlyForDeploymentPostprocessing = 0;
		};
/* End PBXResourcesBuildPhase section */

/* Begin PBXSourcesBuildPhase section */
		BE4E18DF140D9EB80007F01B /* Sources */ = {
			isa = PBXSourcesBuildPhase;
			buildActionMask = 2147483647;
			files = (
				BE4E18F2140D9EB80007F01B /* main.m in Sources */,
				BE4E18F6140D9EB80007F01B /* AppDelegate.m in Sources */,
				BE4E18FE140D9EE70007F01B /* ItemsViewController.m in Sources */,
				BE4E1904140DA6EC0007F01B /* ItemStore.m in Sources */,
				BE58F4A5141011C300C6D116 /* DetailViewController.m in Sources */,
				BE0B750314191AEE00118DD7 /* ImageStore.m in Sources */,
				BE0E4E9D14323F6D00F05B13 /* ItemCell.m in Sources */,
				BE0E4EA9143246BC00F05B13 /* ImageViewController.m in Sources */,
				BE0E4EB91432646C00F05B13 /* Item.m in Sources */,
				BE0E4EC414326B8700F05B13 /* AssetTypePicker.m in Sources */,
				5F437B2F1569E16600AFD69E /* SwimTracker.xcdatamodeld in Sources */,
				28FE95CA156A06C8007B7E62 /* DistanceTypePicker.m in Sources */,
				28FE95CE156A0CB5007B7E62 /* EventTypePicker.m in Sources */,
				28FE95D1156A0DC2007B7E62 /* PoolTypePicker.m in Sources */,
			);
			runOnlyForDeploymentPostprocessing = 0;
		};
/* End PBXSourcesBuildPhase section */

/* Begin PBXVariantGroup section */
		BE4E18EE140D9EB80007F01B /* InfoPlist.strings */ = {
			isa = PBXVariantGroup;
			children = (
				BE4E18EF140D9EB80007F01B /* en */,
			);
			name = InfoPlist.strings;
			sourceTree = "<group>";
		};
		BE9E40071432B9B400EE58E5 /* DetailViewController.xib */ = {
			isa = PBXVariantGroup;
			children = (
				BE9E40061432B9B400EE58E5 /* en */,
				BE9E40091432B9BF00EE58E5 /* es */,
			);
			name = DetailViewController.xib;
			path = SwimTracker;
			sourceTree = "<group>";
		};
		BE9E400E1432C55E00EE58E5 /* Localizable.strings */ = {
			isa = PBXVariantGroup;
			children = (
				BE9E400D1432C55E00EE58E5 /* en */,
				BE9E400F1432C56200EE58E5 /* es */,
			);
			name = Localizable.strings;
			sourceTree = "<group>";
		};
/* End PBXVariantGroup section */

/* Begin XCBuildConfiguration section */
		BE4E18F7140D9EB80007F01B /* Debug */ = {
			isa = XCBuildConfiguration;
			buildSettings = {
				ALWAYS_SEARCH_USER_PATHS = NO;
				ARCHS = "$(ARCHS_STANDARD_32_BIT)";
				CLANG_ENABLE_OBJC_ARC = YES;
				"CODE_SIGN_IDENTITY[sdk=iphoneos*]" = "iPhone Developer";
				COPY_PHASE_STRIP = NO;
				GCC_C_LANGUAGE_STANDARD = gnu99;
				GCC_DYNAMIC_NO_PIC = NO;
				GCC_OPTIMIZATION_LEVEL = 0;
				GCC_PREPROCESSOR_DEFINITIONS = (
					"DEBUG=1",
					"$(inherited)",
				);
				GCC_SYMBOLS_PRIVATE_EXTERN = NO;
				GCC_VERSION = com.apple.compilers.llvm.clang.1_0;
				GCC_WARN_ABOUT_MISSING_PROTOTYPES = YES;
				GCC_WARN_ABOUT_RETURN_TYPE = YES;
				GCC_WARN_UNUSED_VARIABLE = YES;
				IPHONEOS_DEPLOYMENT_TARGET = 5.0;
				SDKROOT = iphoneos;
			};
			name = Debug;
		};
		BE4E18F8140D9EB80007F01B /* Release */ = {
			isa = XCBuildConfiguration;
			buildSettings = {
				ALWAYS_SEARCH_USER_PATHS = NO;
				ARCHS = "$(ARCHS_STANDARD_32_BIT)";
				CLANG_ENABLE_OBJC_ARC = YES;
				"CODE_SIGN_IDENTITY[sdk=iphoneos*]" = "iPhone Developer";
				COPY_PHASE_STRIP = YES;
				GCC_C_LANGUAGE_STANDARD = gnu99;
				GCC_VERSION = com.apple.compilers.llvm.clang.1_0;
				GCC_WARN_ABOUT_MISSING_PROTOTYPES = YES;
				GCC_WARN_ABOUT_RETURN_TYPE = YES;
				GCC_WARN_UNUSED_VARIABLE = YES;
				IPHONEOS_DEPLOYMENT_TARGET = 5.0;
				OTHER_CFLAGS = "-DNS_BLOCK_ASSERTIONS=1";
				SDKROOT = iphoneos;
				VALIDATE_PRODUCT = YES;
			};
			name = Release;
		};
		BE4E18FA140D9EB80007F01B /* Debug */ = {
			isa = XCBuildConfiguration;
			buildSettings = {
				GCC_PRECOMPILE_PREFIX_HEADER = YES;
				GCC_PREFIX_HEADER = "SwimTracker/SwimTracker-Prefix.pch";
				INFOPLIST_FILE = "SwimTracker/SwimTracker-Info.plist";
				IPHONEOS_DEPLOYMENT_TARGET = 5.0;
				PRODUCT_NAME = SwimTracker;
				TARGETED_DEVICE_FAMILY = "1,2";
				WRAPPER_EXTENSION = app;
			};
			name = Debug;
		};
		BE4E18FB140D9EB80007F01B /* Release */ = {
			isa = XCBuildConfiguration;
			buildSettings = {
				GCC_PRECOMPILE_PREFIX_HEADER = YES;
				GCC_PREFIX_HEADER = "SwimTracker/SwimTracker-Prefix.pch";
				INFOPLIST_FILE = "SwimTracker/SwimTracker-Info.plist";
				IPHONEOS_DEPLOYMENT_TARGET = 5.0;
				PRODUCT_NAME = SwimTracker;
				TARGETED_DEVICE_FAMILY = "1,2";
				WRAPPER_EXTENSION = app;
			};
			name = Release;
		};
/* End XCBuildConfiguration section */

/* Begin XCConfigurationList section */
		BE4E18DD140D9EB80007F01B /* Build configuration list for PBXProject "SwimTracker" */ = {
			isa = XCConfigurationList;
			buildConfigurations = (
				BE4E18F7140D9EB80007F01B /* Debug */,
				BE4E18F8140D9EB80007F01B /* Release */,
			);
			defaultConfigurationIsVisible = 0;
			defaultConfigurationName = Release;
		};
		BE4E18F9140D9EB80007F01B /* Build configuration list for PBXNativeTarget "SwimTracker" */ = {
			isa = XCConfigurationList;
			buildConfigurations = (
				BE4E18FA140D9EB80007F01B /* Debug */,
				BE4E18FB140D9EB80007F01B /* Release */,
			);
			defaultConfigurationIsVisible = 0;
			defaultConfigurationName = Release;
		};
/* End XCConfigurationList section */

/* Begin XCVersionGroup section */
		5F437B2D1569E16600AFD69E /* SwimTracker.xcdatamodeld */ = {
			isa = XCVersionGroup;
			children = (
				5F437B2E1569E16600AFD69E /* SwimTracker.xcdatamodel */,
			);
			currentVersion = 5F437B2E1569E16600AFD69E /* SwimTracker.xcdatamodel */;
			name = SwimTracker.xcdatamodeld;
			path = SwimTracker/SwimTracker.xcdatamodeld;
			sourceTree = "<group>";
			versionGroupType = wrapper.xcdatamodel;
		};
/* End XCVersionGroup section */
	};
	rootObject = BE4E18DA140D9EB80007F01B /* Project object */;
}
